<?xml version="1.0" encoding="utf-8"?>
<Project ToolsVersion="4.0" xmlns="http://schemas.microsoft.com/developer/msbuild/2003">
  <ItemGroup>
    <Filter Include="소스 파일">
      <UniqueIdentifier>{4FC737F1-C7A5-4376-A066-2A32D752A2FF}</UniqueIdentifier>
      <Extensions>cpp;c;cc;cxx;c++;cppm;ixx;def;odl;idl;hpj;bat;asm;asmx</Extensions>
    </Filter>
    <Filter Include="헤더 파일">
      <UniqueIdentifier>{93995380-89BD-4b04-88EB-625FBE52EBFB}</UniqueIdentifier>
      <Extensions>h;hh;hpp;hxx;h++;hm;inl;inc;ipp;xsd</Extensions>
    </Filter>
    <Filter Include="리소스 파일">
      <UniqueIdentifier>{67DA6AB6-F800-4c08-8B7A-83BB121AAD01}</UniqueIdentifier>
      <Extensions>rc;ico;cur;bmp;dlg;rc2;rct;bin;rgs;gif;jpg;jpeg;jpe;resx;tiff;tif;png;wav;mfcribbon-ms</Extensions>
    </Filter>
    <Filter Include="소스 파일\Modules">
      <UniqueIdentifier>{680bbf9d-acfd-4bf6-bdce-720478d1f9b7}</UniqueIdentifier>
    </Filter>
    <Filter Include="헤더 파일\Modules">
      <UniqueIdentifier>{c3dd165b-8bba-4a9e-be54-dd3f70054d1c}</UniqueIdentifier>
    </Filter>
  </ItemGroup>
  <ItemGroup>
    <ClInclude Include="AutoDriveCore.h">
      <Filter>헤더 파일</Filter>
    </ClInclude>
    <ClInclude Include="pch.h">
      <Filter>헤더 파일</Filter>
    </ClInclude>
    <ClInclude Include="Types.h">
      <Filter>헤더 파일</Filter>
    </ClInclude>
    <ClInclude Include="Defs.h">
      <Filter>헤더 파일</Filter>
    </ClInclude>
    <ClInclude Include="Switcher.h">
      <Filter>헤더 파일</Filter>
    </ClInclude>
    <ClInclude Include="TypeToTypeFilter.h">
      <Filter>헤더 파일\Modules</Filter>
    </ClInclude>
    <ClInclude Include="MachineDebugImageFilter.h">
      <Filter>헤더 파일\Modules</Filter>
    </ClInclude>
    <ClInclude Include="CopyFrame.h">
      <Filter>헤더 파일\Modules</Filter>
    </ClInclude>
    <ClInclude Include="RotateCropImageFilter.h">
      <Filter>헤더 파일\Modules</Filter>
    </ClInclude>
    <ClInclude Include="ImageToPointCloudFilter.h">
      <Filter>헤더 파일\Modules</Filter>
    </ClInclude>
    <ClInclude Include="LidarRegistrationFilter.h">
      <Filter>헤더 파일\Modules</Filter>
    </ClInclude>
    <ClInclude Include="ImageRegistrationFilter.h">
      <Filter>헤더 파일\Modules</Filter>
    </ClInclude>
  </ItemGroup>
  <ItemGroup>
    <ClCompile Include="AutoDriveCore.cpp">
      <Filter>소스 파일</Filter>
    </ClCompile>
    <ClCompile Include="pch.cpp">
      <Filter>소스 파일</Filter>
    </ClCompile>
    <ClCompile Include="Types.cpp">
      <Filter>소스 파일</Filter>
    </ClCompile>
    <ClCompile Include="Switcher.cpp">
      <Filter>소스 파일</Filter>
    </ClCompile>
    <ClCompile Include="MachineDebugImageFilter.cpp">
      <Filter>소스 파일\Modules</Filter>
    </ClCompile>
    <ClCompile Include="RotateCropImageFilter.cpp">
      <Filter>소스 파일\Modules</Filter>
    </ClCompile>
    <ClCompile Include="ImageToPointCloudFilter.cpp">
      <Filter>소스 파일\Modules</Filter>
    </ClCompile>
    <ClCompile Include="LidarRegistrationFilter.cpp">
      <Filter>소스 파일\Modules</Filter>
    </ClCompile>
    <ClCompile Include="ImageRegistrationFilter.cpp">
      <Filter>소스 파일\Modules</Filter>
    </ClCompile>
  </ItemGroup>
</Project>